// !$*UTF8*$!
{
	archiveVersion = 1;
	classes = {
	};
	objectVersion = 50;
	objects = {

/* Begin PBXBuildFile section */
		01801D7721F21669009CBDEC /* AppDelegate.swift in Sources */ = {isa = PBXBuildFile; fileRef = 01801D7621F21669009CBDEC /* AppDelegate.swift */; };
		01801D7921F21669009CBDEC /* ViewController.swift in Sources */ = {isa = PBXBuildFile; fileRef = 01801D7821F21669009CBDEC /* ViewController.swift */; };
		01801D7C21F21669009CBDEC /* Main.storyboard in Resources */ = {isa = PBXBuildFile; fileRef = 01801D7A21F21669009CBDEC /* Main.storyboard */; };
		01801D7E21F2166B009CBDEC /* Assets.xcassets in Resources */ = {isa = PBXBuildFile; fileRef = 01801D7D21F2166B009CBDEC /* Assets.xcassets */; };
		01801D8121F2166B009CBDEC /* LaunchScreen.storyboard in Resources */ = {isa = PBXBuildFile; fileRef = 01801D7F21F2166B009CBDEC /* LaunchScreen.storyboard */; };
		018F3BD721F26DC900B48ACB /* CryptoRepository.swift in Sources */ = {isa = PBXBuildFile; fileRef = 018F3BD621F26DC900B48ACB /* CryptoRepository.swift */; };
		FE9E49FF6461F1C1AF1A3F25 /* Pods_Crypto_Ticker.framework in Frameworks */ = {isa = PBXBuildFile; fileRef = 1794974A6626E1B95A87860B /* Pods_Crypto_Ticker.framework */; };
/* End PBXBuildFile section */

/* Begin PBXFileReference section */
		01801D7321F21669009CBDEC /* Crypto Ticker.app */ = {isa = PBXFileReference; explicitFileType = wrapper.application; includeInIndex = 0; path = "Crypto Ticker.app"; sourceTree = BUILT_PRODUCTS_DIR; };
		01801D7621F21669009CBDEC /* AppDelegate.swift */ = {isa = PBXFileReference; lastKnownFileType = sourcecode.swift; path = AppDelegate.swift; sourceTree = "<group>"; };
		01801D7821F21669009CBDEC /* ViewController.swift */ = {isa = PBXFileReference; lastKnownFileType = sourcecode.swift; path = ViewController.swift; sourceTree = "<group>"; };
		01801D7B21F21669009CBDEC /* Base */ = {isa = PBXFileReference; lastKnownFileType = file.storyboard; name = Base; path = Base.lproj/Main.storyboard; sourceTree = "<group>"; };
		01801D7D21F2166B009CBDEC /* Assets.xcassets */ = {isa = PBXFileReference; lastKnownFileType = folder.assetcatalog; path = Assets.xcassets; sourceTree = "<group>"; };
		01801D8021F2166B009CBDEC /* Base */ = {isa = PBXFileReference; lastKnownFileType = file.storyboard; name = Base; path = Base.lproj/LaunchScreen.storyboard; sourceTree = "<group>"; };
		01801D8221F2166B009CBDEC /* Info.plist */ = {isa = PBXFileReference; lastKnownFileType = text.plist.xml; path = Info.plist; sourceTree = "<group>"; };
		018F3BD621F26DC900B48ACB /* CryptoRepository.swift */ = {isa = PBXFileReference; lastKnownFileType = sourcecode.swift; path = CryptoRepository.swift; sourceTree = "<group>"; };
		1794974A6626E1B95A87860B /* Pods_Crypto_Ticker.framework */ = {isa = PBXFileReference; explicitFileType = wrapper.framework; includeInIndex = 0; path = Pods_Crypto_Ticker.framework; sourceTree = BUILT_PRODUCTS_DIR; };
		1A5C847CFBF3C6DB056F988E /* Pods-Crypto Ticker.release.xcconfig */ = {isa = PBXFileReference; includeInIndex = 1; lastKnownFileType = text.xcconfig; name = "Pods-Crypto Ticker.release.xcconfig"; path = "Pods/Target Support Files/Pods-Crypto Ticker/Pods-Crypto Ticker.release.xcconfig"; sourceTree = "<group>"; };
		56860376E0BA660BED348E9D /* Pods-Crypto Ticker.debug.xcconfig */ = {isa = PBXFileReference; includeInIndex = 1; lastKnownFileType = text.xcconfig; name = "Pods-Crypto Ticker.debug.xcconfig"; path = "Pods/Target Support Files/Pods-Crypto Ticker/Pods-Crypto Ticker.debug.xcconfig"; sourceTree = "<group>"; };
/* End PBXFileReference section */

/* Begin PBXFrameworksBuildPhase section */
		01801D7021F21669009CBDEC /* Frameworks */ = {
			isa = PBXFrameworksBuildPhase;
			buildActionMask = 2147483647;
			files = (
				FE9E49FF6461F1C1AF1A3F25 /* Pods_Crypto_Ticker.framework in Frameworks */,
			);
			runOnlyForDeploymentPostprocessing = 0;
		};
/* End PBXFrameworksBuildPhase section */

/* Begin PBXGroup section */
		01801D6A21F21669009CBDEC = {
			isa = PBXGroup;
			children = (
				01801D7521F21669009CBDEC /* Crypto Ticker */,
				01801D7421F21669009CBDEC /* Products */,
				115FCA08D9AA027F0C5B5FC3 /* Pods */,
				EAD93483021FBD87AFFCE3E8 /* Frameworks */,
			);
			sourceTree = "<group>";
		};
		01801D7421F21669009CBDEC /* Products */ = {
			isa = PBXGroup;
			children = (
				01801D7321F21669009CBDEC /* Crypto Ticker.app */,
			);
			name = Products;
			sourceTree = "<group>";
		};
		01801D7521F21669009CBDEC /* Crypto Ticker */ = {
			isa = PBXGroup;
			children = (
				018F3BD521F26D9F00B48ACB /* Controller */,
				018F3BD421F26D9500B48ACB /* View */,
				018F3BD321F26D8B00B48ACB /* Model */,
				01801D7D21F2166B009CBDEC /* Assets.xcassets */,
				01801D7F21F2166B009CBDEC /* LaunchScreen.storyboard */,
				01801D8221F2166B009CBDEC /* Info.plist */,
			);
			path = "Crypto Ticker";
			sourceTree = "<group>";
		};
		018F3BD321F26D8B00B48ACB /* Model */ = {
			isa = PBXGroup;
			children = (
				018F3BD621F26DC900B48ACB /* CryptoRepository.swift */,
			);
			path = Model;
			sourceTree = "<group>";
		};
		018F3BD421F26D9500B48ACB /* View */ = {
			isa = PBXGroup;
			children = (
				01801D7A21F21669009CBDEC /* Main.storyboard */,
			);
			path = View;
			sourceTree = "<group>";
		};
		018F3BD521F26D9F00B48ACB /* Controller */ = {
			isa = PBXGroup;
			children = (
				01801D7621F21669009CBDEC /* AppDelegate.swift */,
				01801D7821F21669009CBDEC /* ViewController.swift */,
			);
			path = Controller;
			sourceTree = "<group>";
		};
		115FCA08D9AA027F0C5B5FC3 /* Pods */ = {
			isa = PBXGroup;
			children = (
				56860376E0BA660BED348E9D /* Pods-Crypto Ticker.debug.xcconfig */,
				1A5C847CFBF3C6DB056F988E /* Pods-Crypto Ticker.release.xcconfig */,
			);
			name = Pods;
			sourceTree = "<group>";
		};
		EAD93483021FBD87AFFCE3E8 /* Frameworks */ = {
			isa = PBXGroup;
			children = (
				1794974A6626E1B95A87860B /* Pods_Crypto_Ticker.framework */,
			);
			name = Frameworks;
			sourceTree = "<group>";
		};
/* End PBXGroup section */

/* Begin PBXNativeTarget section */
		01801D7221F21669009CBDEC /* Crypto Ticker */ = {
			isa = PBXNativeTarget;
			buildConfigurationList = 01801D8521F2166B009CBDEC /* Build configuration list for PBXNativeTarget "Crypto Ticker" */;
			buildPhases = (
				AFEAB43B7D561FA9065419E5 /* [CP] Check Pods Manifest.lock */,
				01801D6F21F21669009CBDEC /* Sources */,
				01801D7021F21669009CBDEC /* Frameworks */,
				01801D7121F21669009CBDEC /* Resources */,
				A126346CC8481AC1127FC999 /* [CP] Embed Pods Frameworks */,
			);
			buildRules = (
			);
			dependencies = (
			);
			name = "Crypto Ticker";
			productName = "Crypto Ticker";
			productReference = 01801D7321F21669009CBDEC /* Crypto Ticker.app */;
			productType = "com.apple.product-type.application";
		};
/* End PBXNativeTarget section */

/* Begin PBXProject section */
		01801D6B21F21669009CBDEC /* Project object */ = {
			isa = PBXProject;
			attributes = {
				LastSwiftUpdateCheck = 1010;
				LastUpgradeCheck = 1010;
				ORGANIZATIONNAME = Przemek;
				TargetAttributes = {
					01801D7221F21669009CBDEC = {
						CreatedOnToolsVersion = 10.1;
					};
				};
			};
			buildConfigurationList = 01801D6E21F21669009CBDEC /* Build configuration list for PBXProject "Crypto Ticker" */;
			compatibilityVersion = "Xcode 9.3";
			developmentRegion = en;
			hasScannedForEncodings = 0;
			knownRegions = (
				en,
				Base,
			);
			mainGroup = 01801D6A21F21669009CBDEC;
			productRefGroup = 01801D7421F21669009CBDEC /* Products */;
			projectDirPath = "";
			projectRoot = "";
			targets = (
				01801D7221F21669009CBDEC /* Crypto Ticker */,
			);
		};
/* End PBXProject section */

/* Begin PBXResourcesBuildPhase section */
		01801D7121F21669009CBDEC /* Resources */ = {
			isa = PBXResourcesBuildPhase;
			buildActionMask = 2147483647;
			files = (
				01801D8121F2166B009CBDEC /* LaunchScreen.storyboard in Resources */,
				01801D7E21F2166B009CBDEC /* Assets.xcassets in Resources */,
				01801D7C21F21669009CBDEC /* Main.storyboard in Resources */,
			);
			runOnlyForDeploymentPostprocessing = 0;
		};
/* End PBXResourcesBuildPhase section */

/* Begin PBXShellScriptBuildPhase section */
		A126346CC8481AC1127FC999 /* [CP] Embed Pods Frameworks */ = {
			isa = PBXShellScriptBuildPhase;
			buildActionMask = 2147483647;
			files = (
			);
			inputFileListPaths = (
			);
			inputPaths = (
				"${SRCROOT}/Pods/Target Support Files/Pods-Crypto Ticker/Pods-Crypto Ticker-frameworks.sh",
				"${BUILT_PRODUCTS_DIR}/Alamofire/Alamofire.framework",
				"${BUILT_PRODUCTS_DIR}/SwiftyJSON/SwiftyJSON.framework",
			);
			name = "[CP] Embed Pods Frameworks";
			outputFileListPaths = (
			);
			outputPaths = (
				"${TARGET_BUILD_DIR}/${FRAMEWORKS_FOLDER_PATH}/Alamofire.framework",
				"${TARGET_BUILD_DIR}/${FRAMEWORKS_FOLDER_PATH}/SwiftyJSON.framework",
			);
			runOnlyForDeploymentPostprocessing = 0;
			shellPath = /bin/sh;
			shellScript = "\"${SRCROOT}/Pods/Target Support Files/Pods-Crypto Ticker/Pods-Crypto Ticker-frameworks.sh\"\n";
			showEnvVarsInLog = 0;
		};
		AFEAB43B7D561FA9065419E5 /* [CP] Check Pods Manifest.lock */ = {
			isa = PBXShellScriptBuildPhase;
			buildActionMask = 2147483647;
			files = (
			);
			inputFileListPaths = (
			);
			inputPaths = (
				"${PODS_PODFILE_DIR_PATH}/Podfile.lock",
				"${PODS_ROOT}/Manifest.lock",
			);
			name = "[CP] Check Pods Manifest.lock";
			outputFileListPaths = (
			);
			outputPaths = (
				"$(DERIVED_FILE_DIR)/Pods-Crypto Ticker-checkManifestLockResult.txt",
			);
			runOnlyForDeploymentPostprocessing = 0;
			shellPath = /bin/sh;
			shellScript = "diff \"${PODS_PODFILE_DIR_PATH}/Podfile.lock\" \"${PODS_ROOT}/Manifest.lock\" > /dev/null\nif [ $? != 0 ] ; then\n    # print error to STDERR\n    echo \"error: The sandbox is not in sync with the Podfile.lock. Run 'pod install' or update your CocoaPods installation.\" >&2\n    exit 1\nfi\n# This output is used by Xcode 'outputs' to avoid re-running this script phase.\necho \"SUCCESS\" > \"${SCRIPT_OUTPUT_FILE_0}\"\n";
			showEnvVarsInLog = 0;
		};
/* End PBXShellScriptBuildPhase section */

/* Begin PBXSourcesBuildPhase section */
		01801D6F21F21669009CBDEC /* Sources */ = {
			isa = PBXSourcesBuildPhase;
			buildActionMask = 2147483647;
			files = (
				018F3BD721F26DC900B48ACB /* CryptoRepository.swift in Sources */,
				01801D7921F21669009CBDEC /* ViewController.swift in Sources */,
				01801D7721F21669009CBDEC /* AppDelegate.swift in Sources */,
			);
			runOnlyForDeploymentPostprocessing = 0;
		};
/* End PBXSourcesBuildPhase section */

/* Begin PBXVariantGroup section */
		01801D7A21F21669009CBDEC /* Main.storyboard */ = {
			isa = PBXVariantGroup;
			children = (
				01801D7B21F21669009CBDEC /* Base */,
			);
			name = Main.storyboard;
			sourceTree = "<group>";
		};
		01801D7F21F2166B009CBDEC /* LaunchScreen.storyboard */ = {
			isa = PBXVariantGroup;
			children = (
				01801D8021F2166B009CBDEC /* Base */,
			);
			name = LaunchScreen.storyboard;
			sourceTree = "<group>";
		};
/* End PBXVariantGroup section */

/* Begin XCBuildConfiguration section */
		01801D8321F2166B009CBDEC /* Debug */ = {
			isa = XCBuildConfiguration;
			buildSettings = {
				ALWAYS_SEARCH_USER_PATHS = NO;
				CLANG_ANALYZER_NONNULL = YES;
				CLANG_ANALYZER_NUMBER_OBJECT_CONVERSION = YES_AGGRESSIVE;
				CLANG_CXX_LANGUAGE_STANDARD = "gnu++14";
				CLANG_CXX_LIBRARY = "libc++";
				CLANG_ENABLE_MODULES = YES;
				CLANG_ENABLE_OBJC_ARC = YES;
				CLANG_ENABLE_OBJC_WEAK = YES;
				CLANG_WARN_BLOCK_CAPTURE_AUTORELEASING = YES;
				CLANG_WARN_BOOL_CONVERSION = YES;
				CLANG_WARN_COMMA = YES;
				CLANG_WARN_CONSTANT_CONVERSION = YES;
				CLANG_WARN_DEPRECATED_OBJC_IMPLEMENTATIONS = YES;
				CLANG_WARN_DIRECT_OBJC_ISA_USAGE = YES_ERROR;
				CLANG_WARN_DOCUMENTATION_COMMENTS = YES;
				CLANG_WARN_EMPTY_BODY = YES;
				CLANG_WARN_ENUM_CONVERSION = YES;
				CLANG_WARN_INFINITE_RECURSION = YES;
				CLANG_WARN_INT_CONVERSION = YES;
				CLANG_WARN_NON_LITERAL_NULL_CONVERSION = YES;
				CLANG_WARN_OBJC_IMPLICIT_RETAIN_SELF = YES;
				CLANG_WARN_OBJC_LITERAL_CONVERSION = YES;
				CLANG_WARN_OBJC_ROOT_CLASS = YES_ERROR;
				CLANG_WARN_RANGE_LOOP_ANALYSIS = YES;
				CLANG_WARN_STRICT_PROTOTYPES = YES;
				CLANG_WARN_SUSPICIOUS_MOVE = YES;
				CLANG_WARN_UNGUARDED_AVAILABILITY = YES_AGGRESSIVE;
				CLANG_WARN_UNREACHABLE_CODE = YES;
				CLANG_WARN__DUPLICATE_METHOD_MATCH = YES;
				CODE_SIGN_IDENTITY = "iPhone Developer";
				COPY_PHASE_STRIP = NO;
				DEBUG_INFORMATION_FORMAT = dwarf;
				ENABLE_STRICT_OBJC_MSGSEND = YES;
				ENABLE_TESTABILITY = YES;
				GCC_C_LANGUAGE_STANDARD = gnu11;
				GCC_DYNAMIC_NO_PIC = NO;
				GCC_NO_COMMON_BLOCKS = YES;
				GCC_OPTIMIZATION_LEVEL = 0;
				GCC_PREPROCESSOR_DEFINITIONS = (
					"DEBUG=1",
					"$(inherited)",
				);
				GCC_WARN_64_TO_32_BIT_CONVERSION = YES;
				GCC_WARN_ABOUT_RETURN_TYPE = YES_ERROR;
				GCC_WARN_UNDECLARED_SELECTOR = YES;
				GCC_WARN_UNINITIALIZED_AUTOS = YES_AGGRESSIVE;
				GCC_WARN_UNUSED_FUNCTION = YES;
				GCC_WARN_UNUSED_VARIABLE = YES;
				IPHONEOS_DEPLOYMENT_TARGET = 12.1;
				MTL_ENABLE_DEBUG_INFO = INCLUDE_SOURCE;
				MTL_FAST_MATH = YES;
				ONLY_ACTIVE_ARCH = YES;
				SDKROOT = iphoneos;
				SWIFT_ACTIVE_COMPILATION_CONDITIONS = DEBUG;
				SWIFT_OPTIMIZATION_LEVEL = "-Onone";
			};
			name = Debug;
		};
		01801D8421F2166B009CBDEC /* Release */ = {
			isa = XCBuildConfiguration;
			buildSettings = {
				ALWAYS_SEARCH_USER_PATHS = NO;
				CLANG_ANALYZER_NONNULL = YES;
				CLANG_ANALYZER_NUMBER_OBJECT_CONVERSION = YES_AGGRESSIVE;
				CLANG_CXX_LANGUAGE_STANDARD = "gnu++14";
				CLANG_CXX_LIBRARY = "libc++";
				CLANG_ENABLE_MODULES = YES;
				CLANG_ENABLE_OBJC_ARC = YES;
				CLANG_ENABLE_OBJC_WEAK = YES;
				CLANG_WARN_BLOCK_CAPTURE_AUTORELEASING = YES;
				CLANG_WARN_BOOL_CONVERSION = YES;
				CLANG_WARN_COMMA = YES;
				CLANG_WARN_CONSTANT_CONVERSION = YES;
				CLANG_WARN_DEPRECATED_OBJC_IMPLEMENTATIONS = YES;
				CLANG_WARN_DIRECT_OBJC_ISA_USAGE = YES_ERROR;
				CLANG_WARN_DOCUMENTATION_COMMENTS = YES;
				CLANG_WARN_EMPTY_BODY = YES;
				CLANG_WARN_ENUM_CONVERSION = YES;
				CLANG_WARN_INFINITE_RECURSION = YES;
				CLANG_WARN_INT_CONVERSION = YES;
				CLANG_WARN_NON_LITERAL_NULL_CONVERSION = YES;
				CLANG_WARN_OBJC_IMPLICIT_RETAIN_SELF = YES;
				CLANG_WARN_OBJC_LITERAL_CONVERSION = YES;
				CLANG_WARN_OBJC_ROOT_CLASS = YES_ERROR;
				CLANG_WARN_RANGE_LOOP_ANALYSIS = YES;
				CLANG_WARN_STRICT_PROTOTYPES = YES;
				CLANG_WARN_SUSPICIOUS_MOVE = YES;
				CLANG_WARN_UNGUARDED_AVAILABILITY = YES_AGGRESSIVE;
				CLANG_WARN_UNREACHABLE_CODE = YES;
				CLANG_WARN__DUPLICATE_METHOD_MATCH = YES;
				CODE_SIGN_IDENTITY = "iPhone Developer";
				COPY_PHASE_STRIP = NO;
				DEBUG_INFORMATION_FORMAT = "dwarf-with-dsym";
				ENABLE_NS_ASSERTIONS = NO;
				ENABLE_STRICT_OBJC_MSGSEND = YES;
				GCC_C_LANGUAGE_STANDARD = gnu11;
				GCC_NO_COMMON_BLOCKS = YES;
				GCC_WARN_64_TO_32_BIT_CONVERSION = YES;
				GCC_WARN_ABOUT_RETURN_TYPE = YES_ERROR;
				GCC_WARN_UNDECLARED_SELECTOR = YES;
				GCC_WARN_UNINITIALIZED_AUTOS = YES_AGGRESSIVE;
				GCC_WARN_UNUSED_FUNCTION = YES;
				GCC_WARN_UNUSED_VARIABLE = YES;
				IPHONEOS_DEPLOYMENT_TARGET = 12.1;
				MTL_ENABLE_DEBUG_INFO = NO;
				MTL_FAST_MATH = YES;
				SDKROOT = iphoneos;
				SWIFT_COMPILATION_MODE = wholemodule;
				SWIFT_OPTIMIZATION_LEVEL = "-O";
				VALIDATE_PRODUCT = YES;
			};
			name = Release;
		};
		01801D8621F2166B009CBDEC /* Debug */ = {
			isa = XCBuildConfiguration;
			baseConfigurationReference = 56860376E0BA660BED348E9D /* Pods-Crypto Ticker.debug.xcconfig */;
			buildSettings = {
				ASSETCATALOG_COMPILER_APPICON_NAME = AppIcon;
				CODE_SIGN_STYLE = Automatic;
				INFOPLIST_FILE = "Crypto Ticker/Info.plist";
				LD_RUNPATH_SEARCH_PATHS = (
					"$(inherited)",
					"@executable_path/Frameworks",
				);
				PRODUCT_BUNDLE_IDENTIFIER = "com.brodeon.Crypto-Ticker";
				PRODUCT_NAME = "$(TARGET_NAME)";
				SWIFT_VERSION = 4.2;
				TARGETED_DEVICE_FAMILY = "1,2";
			};
			name = Debug;
		};
		01801D8721F2166B009CBDEC /* Release */ = {
			isa = XCBuildConfiguration;
			baseConfigurationReference = 1A5C847CFBF3C6DB056F988E /* Pods-Crypto Ticker.release.xcconfig */;
			buildSettings = {
				ASSETCATALOG_COMPILER_APPICON_NAME = AppIcon;
				CODE_SIGN_STYLE = Automatic;
				INFOPLIST_FILE = "Crypto Ticker/Info.plist";
				LD_RUNPATH_SEARCH_PATHS = (
					"$(inherited)",
					"@executable_path/Frameworks",
				);
				PRODUCT_BUNDLE_IDENTIFIER = "com.brodeon.Crypto-Ticker";
				PRODUCT_NAME = "$(TARGET_NAME)";
				SWIFT_VERSION = 4.2;
				TARGETED_DEVICE_FAMILY = "1,2";
			};
			name = Release;
		};
/* End XCBuildConfiguration section */

/* Begin XCConfigurationList section */
		01801D6E21F21669009CBDEC /* Build configuration list for PBXProject "Crypto Ticker" */ = {
			isa = XCConfigurationList;
			buildConfigurations = (
				01801D8321F2166B009CBDEC /* Debug */,
				01801D8421F2166B009CBDEC /* Release */,
			);
			defaultConfigurationIsVisible = 0;
			defaultConfigurationName = Release;
		};
		01801D8521F2166B009CBDEC /* Build configuration list for PBXNativeTarget "Crypto Ticker" */ = {
			isa = XCConfigurationList;
			buildConfigurations = (
				01801D8621F2166B009CBDEC /* Debug */,
				01801D8721F2166B009CBDEC /* Release */,
			);
			defaultConfigurationIsVisible = 0;
			defaultConfigurationName = Release;
		};
/* End XCConfigurationList section */
	};
	rootObject = 01801D6B21F21669009CBDEC /* Project object */;
}
